
Microsoft Visual Studio Solution File, Format Version 12.00
# Visual Studio Version 17
VisualStudioVersion = 17.11.35312.102
MinimumVisualStudioVersion = 10.0.40219.1
Project("{FAE04EC0-301F-11D3-BF4B-00C04F79EFBC}") = "miniAPI", "miniAPI.csproj", "{B366D68A-EA1B-4E2A-BB2E-7C2BA525C071}"
EndProject
Global
	GlobalSection(SolutionConfigurationPlatforms) = preSolution
		Debug|Any CPU = Debug|Any CPU
		Release|Any CPU = Release|Any CPU
	EndGlobalSection
	GlobalSection(ProjectConfigurationPlatforms) = postSolution
		{B366D68A-EA1B-4E2A-BB2E-7C2BA525C071}.Debug|Any CPU.ActiveCfg = Debug|Any CPU
		{B366D68A-EA1B-4E2A-BB2E-7C2BA525C071}.Debug|Any CPU.Build.0 = Debug|Any CPU
		{B366D68A-EA1B-4E2A-BB2E-7C2BA525C071}.Release|Any CPU.ActiveCfg = Release|Any CPU
		{B366D68A-EA1B-4E2A-BB2E-7C2BA525C071}.Release|Any CPU.Build.0 = Release|Any CPU
	EndGlobalSection
	GlobalSection(SolutionProperties) = preSolution
		HideSolutionNode = FALSE
	EndGlobalSection
	GlobalSection(ExtensibilityGlobals) = postSolution
		SolutionGuid = {89F8F4A3-21FE-4E5E-B211-C627C6E6F866}
	EndGlobalSection
EndGlobal
